{
  "name": "yardisgb",
  "version": "0.0.1",
  "lockfileVersion": 2,
  "requires": true,
  "packages": {
    "": {
      "name": "yardisgb",
      "version": "0.0.1",
      "license": "GPL-3.0",
      "dependencies": {
        "async-lock": "^1.3.0",
        "axios": "^0.21.2",
        "discord.js": "^13.1.0",
        "nspell": "^2.1.5"
      },
      "peerDependencies": {
        "dictionary-bg": "",
        "dictionary-br": "",
        "dictionary-ca": "",
        "dictionary-ca-valencia": "",
        "dictionary-cs": "",
        "dictionary-da": "",
        "dictionary-de": "",
        "dictionary-de-at": "",
        "dictionary-de-ch": "",
        "dictionary-el": "",
        "dictionary-el-polyton": "",
        "dictionary-en": "",
        "dictionary-en-au": "",
        "dictionary-en-ca": "",
        "dictionary-en-gb": "",
        "dictionary-en-za": "",
        "dictionary-eo": "",
        "dictionary-es": "",
        "dictionary-es-ar": "",
        "dictionary-es-bo": "",
        "dictionary-es-cl": "",
        "dictionary-es-co": "",
        "dictionary-es-cr": "",
        "dictionary-es-cu": "",
        "dictionary-es-do": "",
        "dictionary-es-ec": "",
        "dictionary-es-gt": "",
        "dictionary-es-hn": "",
        "dictionary-es-mx": "",
        "dictionary-es-ni": "",
        "dictionary-es-pa": "",
        "dictionary-es-pe": "",
        "dictionary-es-ph": "",
        "dictionary-es-pr": "",
        "dictionary-es-py": "",
        "dictionary-es-sv": "",
        "dictionary-es-us": "",
        "dictionary-es-uy": "",
        "dictionary-es-ve": "",
        "dictionary-et": "",
        "dictionary-eu": "",
        "dictionary-fa": "",
        "dictionary-fo": "",
        "dictionary-fr": "",
        "dictionary-fur": "",
        "dictionary-fy": "",
        "dictionary-ga": "",
        "dictionary-gd": "",
        "dictionary-gl": "",
        "dictionary-he": "",
        "dictionary-hr": "",
        "dictionary-hu": "",
        "dictionary-hy": "",
        "dictionary-hyw": "",
        "dictionary-ia": "",
        "dictionary-ie": "",
        "dictionary-is": "",
        "dictionary-it": "",
        "dictionary-ka": "",
        "dictionary-ko": "",
        "dictionary-la": "",
        "dictionary-lb": "",
        "dictionary-lt": "",
        "dictionary-ltg": "",
        "dictionary-lv": "",
        "dictionary-mk": "",
        "dictionary-mn": "",
        "dictionary-nb": "",
        "dictionary-nds": "",
        "dictionary-ne": "",
        "dictionary-nl": "",
        "dictionary-nn": "",
        "dictionary-oc": "",
        "dictionary-pl": "",
        "dictionary-pt": "",
        "dictionary-pt-pt": "",
        "dictionary-ro": "",
        "dictionary-ru": "",
        "dictionary-rw": "",
        "dictionary-sk": "",
        "dictionary-sl": "",
        "dictionary-sr": "",
        "dictionary-sr-latn": "",
        "dictionary-sv": "",
        "dictionary-sv-fi": "",
        "dictionary-tk": "",
        "dictionary-tlh": "",
        "dictionary-tlh-latn": "",
        "dictionary-tr": "",
        "dictionary-uk": "",
        "dictionary-vi": ""
      },
      "peerDependenciesMeta": {
        "dictionary-bg": {
          "optional": true
        },
        "dictionary-br": {
          "optional": true
        },
        "dictionary-ca": {
          "optional": true
        },
        "dictionary-ca-valencia": {
          "optional": true
        },
        "dictionary-cs": {
          "optional": true
        },
        "dictionary-da": {
          "optional": true
        },
        "dictionary-de": {
          "optional": true
        },
        "dictionary-de-at": {
          "optional": true
        },
        "dictionary-de-ch": {
          "optional": true
        },
        "dictionary-el": {
          "optional": true
        },
        "dictionary-el-polyton": {
          "optional": true
        },
        "dictionary-en": {
          "optional": true
        },
        "dictionary-en-au": {
          "optional": true
        },
        "dictionary-en-ca": {
          "optional": true
        },
        "dictionary-en-gb": {
          "optional": true
        },
        "dictionary-en-za": {
          "optional": true
        },
        "dictionary-eo": {
          "optional": true
        },
        "dictionary-es": {
          "optional": true
        },
        "dictionary-es-ar": {
          "optional": true
        },
        "dictionary-es-bo": {
          "optional": true
        },
        "dictionary-es-cl": {
          "optional": true
        },
        "dictionary-es-co": {
          "optional": true
        },
        "dictionary-es-cr": {
          "optional": true
        },
        "dictionary-es-cu": {
          "optional": true
        },
        "dictionary-es-do": {
          "optional": true
        },
        "dictionary-es-ec": {
          "optional": true
        },
        "dictionary-es-gt": {
          "optional": true
        },
        "dictionary-es-hn": {
          "optional": true
        },
        "dictionary-es-mx": {
          "optional": true
        },
        "dictionary-es-ni": {
          "optional": true
        },
        "dictionary-es-pa": {
          "optional": true
        },
        "dictionary-es-pe": {
          "optional": true
        },
        "dictionary-es-ph": {
          "optional": true
        },
        "dictionary-es-pr": {
          "optional": true
        },
        "dictionary-es-py": {
          "optional": true
        },
        "dictionary-es-sv": {
          "optional": true
        },
        "dictionary-es-us": {
          "optional": true
        },
        "dictionary-es-uy": {
          "optional": true
        },
        "dictionary-es-ve": {
          "optional": true
        },
        "dictionary-et": {
          "optional": true
        },
        "dictionary-eu": {
          "optional": true
        },
        "dictionary-fa": {
          "optional": true
        },
        "dictionary-fo": {
          "optional": true
        },
        "dictionary-fr": {
          "optional": true
        },
        "dictionary-fur": {
          "optional": true
        },
        "dictionary-fy": {
          "optional": true
        },
        "dictionary-ga": {
          "optional": true
        },
        "dictionary-gd": {
          "optional": true
        },
        "dictionary-gl": {
          "optional": true
        },
        "dictionary-he": {
          "optional": true
        },
        "dictionary-hr": {
          "optional": true
        },
        "dictionary-hu": {
          "optional": true
        },
        "dictionary-hy": {
          "optional": true
        },
        "dictionary-hyw": {
          "optional": true
        },
        "dictionary-ia": {
          "optional": true
        },
        "dictionary-ie": {
          "optional": true
        },
        "dictionary-is": {
          "optional": true
        },
        "dictionary-it": {
          "optional": true
        },
        "dictionary-ka": {
          "optional": true
        },
        "dictionary-ko": {
          "optional": true
        },
        "dictionary-la": {
          "optional": true
        },
        "dictionary-lb": {
          "optional": true
        },
        "dictionary-lt": {
          "optional": true
        },
        "dictionary-ltg": {
          "optional": true
        },
        "dictionary-lv": {
          "optional": true
        },
        "dictionary-mk": {
          "optional": true
        },
        "dictionary-mn": {
          "optional": true
        },
        "dictionary-nb": {
          "optional": true
        },
        "dictionary-nds": {
          "optional": true
        },
        "dictionary-ne": {
          "optional": true
        },
        "dictionary-nl": {
          "optional": true
        },
        "dictionary-nn": {
          "optional": true
        },
        "dictionary-oc": {
          "optional": true
        },
        "dictionary-pl": {
          "optional": true
        },
        "dictionary-pt": {
          "optional": true
        },
        "dictionary-pt-pt": {
          "optional": true
        },
        "dictionary-ro": {
          "optional": true
        },
        "dictionary-ru": {
          "optional": true
        },
        "dictionary-rw": {
          "optional": true
        },
        "dictionary-sk": {
          "optional": true
        },
        "dictionary-sl": {
          "optional": true
        },
        "dictionary-sr": {
          "optional": true
        },
        "dictionary-sr-latn": {
          "optional": true
        },
        "dictionary-sv": {
          "optional": true
        },
        "dictionary-sv-fi": {
          "optional": true
        },
        "dictionary-tk": {
          "optional": true
        },
        "dictionary-tlh": {
          "optional": true
        },
        "dictionary-tlh-latn": {
          "optional": true
        },
        "dictionary-tr": {
          "optional": true
        },
        "dictionary-uk": {
          "optional": true
        },
        "dictionary-vi": {
          "optional": true
        }
      }
    },
    "node_modules/@discordjs/builders": {
      "version": "0.11.0",
      "resolved": "https://registry.npmjs.org/@discordjs/builders/-/builders-0.11.0.tgz",
      "integrity": "sha512-ZTB8yJdJKrKlq44dpWkNUrAtEJEq0gqpb7ASdv4vmq6/mZal5kOv312hQ56I/vxwMre+VIkoHquNUAfnTbiYtg==",
      "dependencies": {
        "@sindresorhus/is": "^4.2.0",
        "discord-api-types": "^0.26.0",
        "ts-mixer": "^6.0.0",
        "tslib": "^2.3.1",
        "zod": "^3.11.6"
      },
      "engines": {
        "node": ">=16.0.0",
        "npm": ">=7.0.0"
      }
    },
    "node_modules/@discordjs/collection": {
      "version": "0.4.0",
      "resolved": "https://registry.npmjs.org/@discordjs/collection/-/collection-0.4.0.tgz",
      "integrity": "sha512-zmjq+l/rV35kE6zRrwe8BHqV78JvIh2ybJeZavBi5NySjWXqN3hmmAKg7kYMMXSeiWtSsMoZ/+MQi0DiQWy2lw==",
      "engines": {
        "node": ">=16.0.0",
        "npm": ">=7.0.0"
      }
    },
    "node_modules/@sapphire/async-queue": {
      "version": "1.1.9",
      "resolved": "https://registry.npmjs.org/@sapphire/async-queue/-/async-queue-1.1.9.tgz",
      "integrity": "sha512-CbXaGwwlEMq+l1TRu01FJCvySJ1CEFKFclHT48nIfNeZXaAAmmwwy7scUKmYHPUa3GhoMp6Qr1B3eAJux6XgOQ==",
      "engines": {
        "node": ">=v14.0.0",
        "npm": ">=7.0.0"
      }
    },
    "node_modules/@sindresorhus/is": {
      "version": "4.2.1",
      "resolved": "https://registry.npmjs.org/@sindresorhus/is/-/is-4.2.1.tgz",
      "integrity": "sha512-BrzrgtaqEre0qfvI8sMTaEvx+bayuhPmfe2rfeUGPPHYr/PLxCOqkOe4TQTDPb+qcqgNcsAtXV/Ew74mcDIE8w==",
      "engines": {
        "node": ">=10"
      },
      "funding": {
        "url": "https://github.com/sindresorhus/is?sponsor=1"
      }
    },
    "node_modules/@types/node": {
      "version": "17.0.8",
      "resolved": "https://registry.npmjs.org/@types/node/-/node-17.0.8.tgz",
      "integrity": "sha512-YofkM6fGv4gDJq78g4j0mMuGMkZVxZDgtU0JRdx6FgiJDG+0fY0GKVolOV8WqVmEhLCXkQRjwDdKyPxJp/uucg=="
    },
    "node_modules/@types/node-fetch": {
      "version": "2.5.12",
      "resolved": "https://registry.npmjs.org/@types/node-fetch/-/node-fetch-2.5.12.tgz",
      "integrity": "sha512-MKgC4dlq4kKNa/mYrwpKfzQMB5X3ee5U6fSprkKpToBqBmX4nFZL9cW5jl6sWn+xpRJ7ypWh2yyqqr8UUCstSw==",
      "dependencies": {
        "@types/node": "*",
        "form-data": "^3.0.0"
      }
    },
    "node_modules/@types/node-fetch/node_modules/form-data": {
      "version": "3.0.1",
      "resolved": "https://registry.npmjs.org/form-data/-/form-data-3.0.1.tgz",
      "integrity": "sha512-RHkBKtLWUVwd7SqRIvCZMEvAMoGUp0XU+seQiZejj0COz3RI3hWP4sCv3gZWWLjJTd7rGwcsF5eKZGii0r/hbg==",
      "dependencies": {
        "asynckit": "^0.4.0",
        "combined-stream": "^1.0.8",
        "mime-types": "^2.1.12"
      },
      "engines": {
        "node": ">= 6"
      }
    },
    "node_modules/@types/ws": {
      "version": "8.2.2",
      "resolved": "https://registry.npmjs.org/@types/ws/-/ws-8.2.2.tgz",
      "integrity": "sha512-NOn5eIcgWLOo6qW8AcuLZ7G8PycXu0xTxxkS6Q18VWFxgPUSOwV0pBj2a/4viNZVu25i7RIB7GttdkAIUUXOOg==",
      "dependencies": {
        "@types/node": "*"
      }
    },
    "node_modules/async-lock": {
      "version": "1.3.0",
      "resolved": "https://registry.npmjs.org/async-lock/-/async-lock-1.3.0.tgz",
      "integrity": "sha512-8A7SkiisnEgME2zEedtDYPxUPzdv3x//E7n5IFktPAtMYSEAV7eNJF0rMwrVyUFj6d/8rgajLantbjcNRQYXIg=="
    },
    "node_modules/asynckit": {
      "version": "0.4.0",
      "resolved": "https://registry.npmjs.org/asynckit/-/asynckit-0.4.0.tgz",
      "integrity": "sha1-x57Zf380y48robyXkLzDZkdLS3k="
    },
    "node_modules/axios": {
      "version": "0.21.4",
      "resolved": "https://registry.npmjs.org/axios/-/axios-0.21.4.tgz",
      "integrity": "sha512-ut5vewkiu8jjGBdqpM44XxjuCjq9LAKeHVmoVfHVzy8eHgxxq8SbAVQNovDA8mVi05kP0Ea/n/UzcSHcTJQfNg==",
      "dependencies": {
        "follow-redirects": "^1.14.0"
      }
    },
    "node_modules/combined-stream": {
      "version": "1.0.8",
      "resolved": "https://registry.npmjs.org/combined-stream/-/combined-stream-1.0.8.tgz",
      "integrity": "sha512-FQN4MRfuJeHf7cBbBMJFXhKSDq+2kAArBlmRBvcvFE5BB1HZKXtSFASDhdlz9zOYwxh8lDdnvmMOe/+5cdoEdg==",
      "dependencies": {
        "delayed-stream": "~1.0.0"
      },
      "engines": {
        "node": ">= 0.8"
      }
    },
    "node_modules/delayed-stream": {
      "version": "1.0.0",
      "resolved": "https://registry.npmjs.org/delayed-stream/-/delayed-stream-1.0.0.tgz",
      "integrity": "sha1-3zrhmayt+31ECqrgsp4icrJOxhk=",
      "engines": {
        "node": ">=0.4.0"
      }
    },
    "node_modules/discord-api-types": {
      "version": "0.26.1",
      "resolved": "https://registry.npmjs.org/discord-api-types/-/discord-api-types-0.26.1.tgz",
      "integrity": "sha512-T5PdMQ+Y1MEECYMV5wmyi9VEYPagEDEi4S0amgsszpWY0VB9JJ/hEvM6BgLhbdnKky4gfmZEXtEEtojN8ZKJQQ==",
      "engines": {
        "node": ">=12"
      }
    },
    "node_modules/discord.js": {
      "version": "13.6.0",
      "resolved": "https://registry.npmjs.org/discord.js/-/discord.js-13.6.0.tgz",
      "integrity": "sha512-tXNR8zgsEPxPBvGk3AQjJ9ljIIC6/LOPjzKwpwz8Y1Q2X66Vi3ZqFgRHYwnHKC0jC0F+l4LzxlhmOJsBZDNg9g==",
      "dependencies": {
        "@discordjs/builders": "^0.11.0",
        "@discordjs/collection": "^0.4.0",
        "@sapphire/async-queue": "^1.1.9",
        "@types/node-fetch": "^2.5.12",
        "@types/ws": "^8.2.2",
        "discord-api-types": "^0.26.0",
        "form-data": "^4.0.0",
        "node-fetch": "^2.6.1",
        "ws": "^8.4.0"
      },
      "engines": {
        "node": ">=16.6.0",
        "npm": ">=7.0.0"
      }
    },
    "node_modules/follow-redirects": {
      "version": "1.14.7",
      "resolved": "https://registry.npmjs.org/follow-redirects/-/follow-redirects-1.14.7.tgz",
      "integrity": "sha512-+hbxoLbFMbRKDwohX8GkTataGqO6Jb7jGwpAlwgy2bIz25XtRm7KEzJM76R1WiNT5SwZkX4Y75SwBolkpmE7iQ==",
      "funding": [
        {
          "type": "individual",
          "url": "https://github.com/sponsors/RubenVerborgh"
        }
      ],
      "engines": {
        "node": ">=4.0"
      },
      "peerDependenciesMeta": {
        "debug": {
          "optional": true
        }
      }
    },
    "node_modules/form-data": {
      "version": "4.0.0",
      "resolved": "https://registry.npmjs.org/form-data/-/form-data-4.0.0.tgz",
      "integrity": "sha512-ETEklSGi5t0QMZuiXoA/Q6vcnxcLQP5vdugSpuAyi6SVGi2clPPp+xgEhuMaHC+zGgn31Kd235W35f7Hykkaww==",
      "dependencies": {
        "asynckit": "^0.4.0",
        "combined-stream": "^1.0.8",
        "mime-types": "^2.1.12"
      },
      "engines": {
        "node": ">= 6"
      }
    },
    "node_modules/is-buffer": {
      "version": "2.0.5",
      "resolved": "https://registry.npmjs.org/is-buffer/-/is-buffer-2.0.5.tgz",
      "integrity": "sha512-i2R6zNFDwgEHJyQUtJEk0XFi1i0dPFn/oqjK3/vPCcDeJvW5NQ83V8QbicfF1SupOaB0h8ntgBC2YiE7dfyctQ==",
      "funding": [
        {
          "type": "github",
          "url": "https://github.com/sponsors/feross"
        },
        {
          "type": "patreon",
          "url": "https://www.patreon.com/feross"
        },
        {
          "type": "consulting",
          "url": "https://feross.org/support"
        }
      ],
      "engines": {
        "node": ">=4"
      }
    },
    "node_modules/mime-db": {
      "version": "1.51.0",
      "resolved": "https://registry.npmjs.org/mime-db/-/mime-db-1.51.0.tgz",
      "integrity": "sha512-5y8A56jg7XVQx2mbv1lu49NR4dokRnhZYTtL+KGfaa27uq4pSTXkwQkFJl4pkRMyNFz/EtYDSkiiEHx3F7UN6g==",
      "engines": {
        "node": ">= 0.6"
      }
    },
    "node_modules/mime-types": {
      "version": "2.1.34",
      "resolved": "https://registry.npmjs.org/mime-types/-/mime-types-2.1.34.tgz",
      "integrity": "sha512-6cP692WwGIs9XXdOO4++N+7qjqv0rqxxVvJ3VHPh/Sc9mVZcQP+ZGhkKiTvWMQRr2tbHkJP/Yn7Y0npb3ZBs4A==",
      "dependencies": {
        "mime-db": "1.51.0"
      },
      "engines": {
        "node": ">= 0.6"
      }
    },
    "node_modules/node-fetch": {
      "version": "2.6.7",
      "resolved": "https://registry.npmjs.org/node-fetch/-/node-fetch-2.6.7.tgz",
      "integrity": "sha512-ZjMPFEfVx5j+y2yF35Kzx5sF7kDzxuDj6ziH4FFbOp87zKDZNx8yExJIb05OGF4Nlt9IHFIMBkRl41VdvcNdbQ==",
      "dependencies": {
        "whatwg-url": "^5.0.0"
      },
      "engines": {
        "node": "4.x || >=6.0.0"
      },
      "peerDependencies": {
        "encoding": "^0.1.0"
      },
      "peerDependenciesMeta": {
        "encoding": {
          "optional": true
        }
      }
    },
    "node_modules/nspell": {
      "version": "2.1.5",
      "resolved": "https://registry.npmjs.org/nspell/-/nspell-2.1.5.tgz",
      "integrity": "sha512-PSStyugKMiD9mHmqI/CR5xXrSIGejUXPlo88FBRq5Og1kO5QwQ5Ilu8D8O5I/SHpoS+mibpw6uKA8rd3vXd2Sg==",
      "dependencies": {
        "is-buffer": "^2.0.0"
      }
    },
    "node_modules/tr46": {
      "version": "0.0.3",
      "resolved": "https://registry.npmjs.org/tr46/-/tr46-0.0.3.tgz",
      "integrity": "sha1-gYT9NH2snNwYWZLzpmIuFLnZq2o="
    },
    "node_modules/ts-mixer": {
      "version": "6.0.0",
      "resolved": "https://registry.npmjs.org/ts-mixer/-/ts-mixer-6.0.0.tgz",
      "integrity": "sha512-nXIb1fvdY5CBSrDIblLn73NW0qRDk5yJ0Sk1qPBF560OdJfQp9jhl+0tzcY09OZ9U+6GpeoI9RjwoIKFIoB9MQ=="
    },
    "node_modules/tslib": {
      "version": "2.3.1",
      "resolved": "https://registry.npmjs.org/tslib/-/tslib-2.3.1.tgz",
      "integrity": "sha512-77EbyPPpMz+FRFRuAFlWMtmgUWGe9UOG2Z25NqCwiIjRhOf5iKGuzSe5P2w1laq+FkRy4p+PCuVkJSGkzTEKVw=="
    },
    "node_modules/webidl-conversions": {
      "version": "3.0.1",
      "resolved": "https://registry.npmjs.org/webidl-conversions/-/webidl-conversions-3.0.1.tgz",
      "integrity": "sha1-JFNCdeKnvGvnvIZhHMFq4KVlSHE="
    },
    "node_modules/whatwg-url": {
      "version": "5.0.0",
      "resolved": "https://registry.npmjs.org/whatwg-url/-/whatwg-url-5.0.0.tgz",
      "integrity": "sha1-lmRU6HZUYuN2RNNib2dCzotwll0=",
      "dependencies": {
        "tr46": "~0.0.3",
        "webidl-conversions": "^3.0.0"
      }
    },
    "node_modules/ws": {
      "version": "8.4.2",
      "resolved": "https://registry.npmjs.org/ws/-/ws-8.4.2.tgz",
      "integrity": "sha512-Kbk4Nxyq7/ZWqr/tarI9yIt/+iNNFOjBXEWgTb4ydaNHBNGgvf2QHbS9fdfsndfjFlFwEd4Al+mw83YkaD10ZA==",
      "engines": {
        "node": ">=10.0.0"
      },
      "peerDependencies": {
        "bufferutil": "^4.0.1",
        "utf-8-validate": "^5.0.2"
      },
      "peerDependenciesMeta": {
        "bufferutil": {
          "optional": true
        },
        "utf-8-validate": {
          "optional": true
        }
      }
    },
    "node_modules/zod": {
      "version": "3.11.6",
      "resolved": "https://registry.npmjs.org/zod/-/zod-3.11.6.tgz",
      "integrity": "sha512-daZ80A81I3/9lIydI44motWe6n59kRBfNzTuS2bfzVh1nAXi667TOTWWtatxyG+fwgNUiagSj/CWZwRRbevJIg==",
      "funding": {
        "url": "https://github.com/sponsors/colinhacks"
      }
    }
  },
  "dependencies": {
    "@discordjs/builders": {
      "version": "0.11.0",
      "resolved": "https://registry.npmjs.org/@discordjs/builders/-/builders-0.11.0.tgz",
      "integrity": "sha512-ZTB8yJdJKrKlq44dpWkNUrAtEJEq0gqpb7ASdv4vmq6/mZal5kOv312hQ56I/vxwMre+VIkoHquNUAfnTbiYtg==",
      "requires": {
        "@sindresorhus/is": "^4.2.0",
        "discord-api-types": "^0.26.0",
        "ts-mixer": "^6.0.0",
        "tslib": "^2.3.1",
        "zod": "^3.11.6"
      }
    },
    "@discordjs/collection": {
      "version": "0.4.0",
      "resolved": "https://registry.npmjs.org/@discordjs/collection/-/collection-0.4.0.tgz",
      "integrity": "sha512-zmjq+l/rV35kE6zRrwe8BHqV78JvIh2ybJeZavBi5NySjWXqN3hmmAKg7kYMMXSeiWtSsMoZ/+MQi0DiQWy2lw=="
    },
    "@sapphire/async-queue": {
      "version": "1.1.9",
      "resolved": "https://registry.npmjs.org/@sapphire/async-queue/-/async-queue-1.1.9.tgz",
      "integrity": "sha512-CbXaGwwlEMq+l1TRu01FJCvySJ1CEFKFclHT48nIfNeZXaAAmmwwy7scUKmYHPUa3GhoMp6Qr1B3eAJux6XgOQ=="
    },
    "@sindresorhus/is": {
      "version": "4.2.1",
      "resolved": "https://registry.npmjs.org/@sindresorhus/is/-/is-4.2.1.tgz",
      "integrity": "sha512-BrzrgtaqEre0qfvI8sMTaEvx+bayuhPmfe2rfeUGPPHYr/PLxCOqkOe4TQTDPb+qcqgNcsAtXV/Ew74mcDIE8w=="
    },
    "@types/node": {
      "version": "17.0.8",
      "resolved": "https://registry.npmjs.org/@types/node/-/node-17.0.8.tgz",
      "integrity": "sha512-YofkM6fGv4gDJq78g4j0mMuGMkZVxZDgtU0JRdx6FgiJDG+0fY0GKVolOV8WqVmEhLCXkQRjwDdKyPxJp/uucg=="
    },
    "@types/node-fetch": {
      "version": "2.5.12",
      "resolved": "https://registry.npmjs.org/@types/node-fetch/-/node-fetch-2.5.12.tgz",
      "integrity": "sha512-MKgC4dlq4kKNa/mYrwpKfzQMB5X3ee5U6fSprkKpToBqBmX4nFZL9cW5jl6sWn+xpRJ7ypWh2yyqqr8UUCstSw==",
      "requires": {
        "@types/node": "*",
        "form-data": "^3.0.0"
      },
      "dependencies": {
        "form-data": {
          "version": "3.0.1",
          "resolved": "https://registry.npmjs.org/form-data/-/form-data-3.0.1.tgz",
          "integrity": "sha512-RHkBKtLWUVwd7SqRIvCZMEvAMoGUp0XU+seQiZejj0COz3RI3hWP4sCv3gZWWLjJTd7rGwcsF5eKZGii0r/hbg==",
          "requires": {
            "asynckit": "^0.4.0",
            "combined-stream": "^1.0.8",
            "mime-types": "^2.1.12"
          }
        }
      }
    },
    "@types/ws": {
      "version": "8.2.2",
      "resolved": "https://registry.npmjs.org/@types/ws/-/ws-8.2.2.tgz",
      "integrity": "sha512-NOn5eIcgWLOo6qW8AcuLZ7G8PycXu0xTxxkS6Q18VWFxgPUSOwV0pBj2a/4viNZVu25i7RIB7GttdkAIUUXOOg==",
      "requires": {
        "@types/node": "*"
      }
    },
    "async-lock": {
      "version": "1.3.0",
      "resolved": "https://registry.npmjs.org/async-lock/-/async-lock-1.3.0.tgz",
      "integrity": "sha512-8A7SkiisnEgME2zEedtDYPxUPzdv3x//E7n5IFktPAtMYSEAV7eNJF0rMwrVyUFj6d/8rgajLantbjcNRQYXIg=="
    },
    "asynckit": {
      "version": "0.4.0",
      "resolved": "https://registry.npmjs.org/asynckit/-/asynckit-0.4.0.tgz",
      "integrity": "sha1-x57Zf380y48robyXkLzDZkdLS3k="
    },
    "axios": {
      "version": "0.21.4",
      "resolved": "https://registry.npmjs.org/axios/-/axios-0.21.4.tgz",
      "integrity": "sha512-ut5vewkiu8jjGBdqpM44XxjuCjq9LAKeHVmoVfHVzy8eHgxxq8SbAVQNovDA8mVi05kP0Ea/n/UzcSHcTJQfNg==",
      "requires": {
        "follow-redirects": "^1.14.0"
      }
    },
    "combined-stream": {
      "version": "1.0.8",
      "resolved": "https://registry.npmjs.org/combined-stream/-/combined-stream-1.0.8.tgz",
      "integrity": "sha512-FQN4MRfuJeHf7cBbBMJFXhKSDq+2kAArBlmRBvcvFE5BB1HZKXtSFASDhdlz9zOYwxh8lDdnvmMOe/+5cdoEdg==",
      "requires": {
        "delayed-stream": "~1.0.0"
      }
    },
    "delayed-stream": {
      "version": "1.0.0",
      "resolved": "https://registry.npmjs.org/delayed-stream/-/delayed-stream-1.0.0.tgz",
      "integrity": "sha1-3zrhmayt+31ECqrgsp4icrJOxhk="
    },
    "discord-api-types": {
      "version": "0.26.1",
      "resolved": "https://registry.npmjs.org/discord-api-types/-/discord-api-types-0.26.1.tgz",
      "integrity": "sha512-T5PdMQ+Y1MEECYMV5wmyi9VEYPagEDEi4S0amgsszpWY0VB9JJ/hEvM6BgLhbdnKky4gfmZEXtEEtojN8ZKJQQ=="
    },
    "discord.js": {
      "version": "13.6.0",
      "resolved": "https://registry.npmjs.org/discord.js/-/discord.js-13.6.0.tgz",
      "integrity": "sha512-tXNR8zgsEPxPBvGk3AQjJ9ljIIC6/LOPjzKwpwz8Y1Q2X66Vi3ZqFgRHYwnHKC0jC0F+l4LzxlhmOJsBZDNg9g==",
      "requires": {
        "@discordjs/builders": "^0.11.0",
        "@discordjs/collection": "^0.4.0",
        "@sapphire/async-queue": "^1.1.9",
        "@types/node-fetch": "^2.5.12",
        "@types/ws": "^8.2.2",
        "discord-api-types": "^0.26.0",
        "form-data": "^4.0.0",
        "node-fetch": "^2.6.1",
        "ws": "^8.4.0"
      }
    },
    "follow-redirects": {
      "version": "1.14.7",
      "resolved": "https://registry.npmjs.org/follow-redirects/-/follow-redirects-1.14.7.tgz",
      "integrity": "sha512-+hbxoLbFMbRKDwohX8GkTataGqO6Jb7jGwpAlwgy2bIz25XtRm7KEzJM76R1WiNT5SwZkX4Y75SwBolkpmE7iQ=="
    },
    "form-data": {
      "version": "4.0.0",
      "resolved": "https://registry.npmjs.org/form-data/-/form-data-4.0.0.tgz",
      "integrity": "sha512-ETEklSGi5t0QMZuiXoA/Q6vcnxcLQP5vdugSpuAyi6SVGi2clPPp+xgEhuMaHC+zGgn31Kd235W35f7Hykkaww==",
      "requires": {
        "asynckit": "^0.4.0",
        "combined-stream": "^1.0.8",
        "mime-types": "^2.1.12"
      }
    },
    "is-buffer": {
      "version": "2.0.5",
      "resolved": "https://registry.npmjs.org/is-buffer/-/is-buffer-2.0.5.tgz",
      "integrity": "sha512-i2R6zNFDwgEHJyQUtJEk0XFi1i0dPFn/oqjK3/vPCcDeJvW5NQ83V8QbicfF1SupOaB0h8ntgBC2YiE7dfyctQ=="
    },
    "mime-db": {
      "version": "1.51.0",
      "resolved": "https://registry.npmjs.org/mime-db/-/mime-db-1.51.0.tgz",
      "integrity": "sha512-5y8A56jg7XVQx2mbv1lu49NR4dokRnhZYTtL+KGfaa27uq4pSTXkwQkFJl4pkRMyNFz/EtYDSkiiEHx3F7UN6g=="
    },
    "mime-types": {
      "version": "2.1.34",
      "resolved": "https://registry.npmjs.org/mime-types/-/mime-types-2.1.34.tgz",
      "integrity": "sha512-6cP692WwGIs9XXdOO4++N+7qjqv0rqxxVvJ3VHPh/Sc9mVZcQP+ZGhkKiTvWMQRr2tbHkJP/Yn7Y0npb3ZBs4A==",
      "requires": {
        "mime-db": "1.51.0"
      }
    },
    "node-fetch": {
      "version": "2.6.7",
      "resolved": "https://registry.npmjs.org/node-fetch/-/node-fetch-2.6.7.tgz",
      "integrity": "sha512-ZjMPFEfVx5j+y2yF35Kzx5sF7kDzxuDj6ziH4FFbOp87zKDZNx8yExJIb05OGF4Nlt9IHFIMBkRl41VdvcNdbQ==",
      "requires": {
        "whatwg-url": "^5.0.0"
      }
    },
    "nspell": {
      "version": "2.1.5",
      "resolved": "https://registry.npmjs.org/nspell/-/nspell-2.1.5.tgz",
      "integrity": "sha512-PSStyugKMiD9mHmqI/CR5xXrSIGejUXPlo88FBRq5Og1kO5QwQ5Ilu8D8O5I/SHpoS+mibpw6uKA8rd3vXd2Sg==",
      "requires": {
        "is-buffer": "^2.0.0"
      }
    },
    "tr46": {
      "version": "0.0.3",
      "resolved": "https://registry.npmjs.org/tr46/-/tr46-0.0.3.tgz",
      "integrity": "sha1-gYT9NH2snNwYWZLzpmIuFLnZq2o="
    },
    "ts-mixer": {
      "version": "6.0.0",
      "resolved": "https://registry.npmjs.org/ts-mixer/-/ts-mixer-6.0.0.tgz",
      "integrity": "sha512-nXIb1fvdY5CBSrDIblLn73NW0qRDk5yJ0Sk1qPBF560OdJfQp9jhl+0tzcY09OZ9U+6GpeoI9RjwoIKFIoB9MQ=="
    },
    "tslib": {
      "version": "2.3.1",
      "resolved": "https://registry.npmjs.org/tslib/-/tslib-2.3.1.tgz",
      "integrity": "sha512-77EbyPPpMz+FRFRuAFlWMtmgUWGe9UOG2Z25NqCwiIjRhOf5iKGuzSe5P2w1laq+FkRy4p+PCuVkJSGkzTEKVw=="
    },
    "webidl-conversions": {
      "version": "3.0.1",
      "resolved": "https://registry.npmjs.org/webidl-conversions/-/webidl-conversions-3.0.1.tgz",
      "integrity": "sha1-JFNCdeKnvGvnvIZhHMFq4KVlSHE="
    },
    "whatwg-url": {
      "version": "5.0.0",
      "resolved": "https://registry.npmjs.org/whatwg-url/-/whatwg-url-5.0.0.tgz",
      "integrity": "sha1-lmRU6HZUYuN2RNNib2dCzotwll0=",
      "requires": {
        "tr46": "~0.0.3",
        "webidl-conversions": "^3.0.0"
      }
    },
    "ws": {
      "version": "8.4.2",
      "resolved": "https://registry.npmjs.org/ws/-/ws-8.4.2.tgz",
      "integrity": "sha512-Kbk4Nxyq7/ZWqr/tarI9yIt/+iNNFOjBXEWgTb4ydaNHBNGgvf2QHbS9fdfsndfjFlFwEd4Al+mw83YkaD10ZA==",
      "requires": {}
    },
    "zod": {
      "version": "3.11.6",
      "resolved": "https://registry.npmjs.org/zod/-/zod-3.11.6.tgz",
      "integrity": "sha512-daZ80A81I3/9lIydI44motWe6n59kRBfNzTuS2bfzVh1nAXi667TOTWWtatxyG+fwgNUiagSj/CWZwRRbevJIg=="
    }
  }
}
